
Microsoft Visual Studio Solution File, Format Version 12.00
Project("{FAE04EC0-301F-11D3-BF4B-00C04F79EFBC}") = "Mission6Movies", "Mission6Movies\Mission6Movies.csproj", "{C1E02F8C-4ACC-45BC-8CC5-54B217FCACE8}"
EndProject
Global
	GlobalSection(SolutionConfigurationPlatforms) = preSolution
		Debug|Any CPU = Debug|Any CPU
		Release|Any CPU = Release|Any CPU
	EndGlobalSection
	GlobalSection(ProjectConfigurationPlatforms) = postSolution
		{C1E02F8C-4ACC-45BC-8CC5-54B217FCACE8}.Debug|Any CPU.ActiveCfg = Debug|Any CPU
		{C1E02F8C-4ACC-45BC-8CC5-54B217FCACE8}.Debug|Any CPU.Build.0 = Debug|Any CPU
		{C1E02F8C-4ACC-45BC-8CC5-54B217FCACE8}.Release|Any CPU.ActiveCfg = Release|Any CPU
		{C1E02F8C-4ACC-45BC-8CC5-54B217FCACE8}.Release|Any CPU.Build.0 = Release|Any CPU
	EndGlobalSection
EndGlobal
